
Microsoft Visual Studio Solution File, Format Version 12.00
# Visual Studio Version 16
VisualStudioVersion = 16.0.29326.143
MinimumVisualStudioVersion = 10.0.40219.1
Project("{FAE04EC0-301F-11D3-BF4B-00C04F79EFBC}") = "Lab7", "Lab7.csproj", "{F8CD9AE7-F835-445F-8C1F-14500D6C5C26}"
EndProject
Global
	GlobalSection(SolutionConfigurationPlatforms) = preSolution
		Debug|Any CPU = Debug|Any CPU
		Release|Any CPU = Release|Any CPU
	EndGlobalSection
	GlobalSection(ProjectConfigurationPlatforms) = postSolution
		{F8CD9AE7-F835-445F-8C1F-14500D6C5C26}.Debug|Any CPU.ActiveCfg = Debug|Any CPU
		{F8CD9AE7-F835-445F-8C1F-14500D6C5C26}.Debug|Any CPU.Build.0 = Debug|Any CPU
		{F8CD9AE7-F835-445F-8C1F-14500D6C5C26}.Release|Any CPU.ActiveCfg = Release|Any CPU
		{F8CD9AE7-F835-445F-8C1F-14500D6C5C26}.Release|Any CPU.Build.0 = Release|Any CPU
	EndGlobalSection
	GlobalSection(SolutionProperties) = preSolution
		HideSolutionNode = FALSE
	EndGlobalSection
	GlobalSection(ExtensibilityGlobals) = postSolution
		SolutionGuid = {DA3A006C-C865-4C6C-83B7-A1416F517281}
	EndGlobalSection
EndGlobal
